
Microsoft Visual Studio Solution File, Format Version 12.00
# Visual Studio Version 17
VisualStudioVersion = 17.2.32602.215
MinimumVisualStudioVersion = 10.0.40219.1
Project("{FAE04EC0-301F-11D3-BF4B-00C04F79EFBC}") = "Day 10 - Cathode Ray Tube", "Day 10 - Cathode Ray Tube\Day 10 - Cathode Ray Tube.csproj", "{5D1E9EBB-D44B-4119-929B-ED3B787BCF99}"
EndProject
Global
	GlobalSection(SolutionConfigurationPlatforms) = preSolution
		Debug|Any CPU = Debug|Any CPU
		Release|Any CPU = Release|Any CPU
	EndGlobalSection
	GlobalSection(ProjectConfigurationPlatforms) = postSolution
		{5D1E9EBB-D44B-4119-929B-ED3B787BCF99}.Debug|Any CPU.ActiveCfg = Debug|Any CPU
		{5D1E9EBB-D44B-4119-929B-ED3B787BCF99}.Debug|Any CPU.Build.0 = Debug|Any CPU
		{5D1E9EBB-D44B-4119-929B-ED3B787BCF99}.Release|Any CPU.ActiveCfg = Release|Any CPU
		{5D1E9EBB-D44B-4119-929B-ED3B787BCF99}.Release|Any CPU.Build.0 = Release|Any CPU
	EndGlobalSection
	GlobalSection(SolutionProperties) = preSolution
		HideSolutionNode = FALSE
	EndGlobalSection
	GlobalSection(ExtensibilityGlobals) = postSolution
		SolutionGuid = {27773C97-63D2-419E-A604-5CEBAF0C7C61}
	EndGlobalSection
EndGlobal
