
Microsoft Visual Studio Solution File, Format Version 12.00
# Visual Studio Version 17
VisualStudioVersion = 17.2.32602.215
MinimumVisualStudioVersion = 10.0.40219.1
Project("{FAE04EC0-301F-11D3-BF4B-00C04F79EFBC}") = "Day 13 - Distress Signal", "Day 13 - Distress Signal.csproj", "{F19006F9-114B-4791-95F8-A249035E5B41}"
EndProject
Global
	GlobalSection(SolutionConfigurationPlatforms) = preSolution
		Debug|Any CPU = Debug|Any CPU
		Release|Any CPU = Release|Any CPU
	EndGlobalSection
	GlobalSection(ProjectConfigurationPlatforms) = postSolution
		{F19006F9-114B-4791-95F8-A249035E5B41}.Debug|Any CPU.ActiveCfg = Debug|Any CPU
		{F19006F9-114B-4791-95F8-A249035E5B41}.Debug|Any CPU.Build.0 = Debug|Any CPU
		{F19006F9-114B-4791-95F8-A249035E5B41}.Release|Any CPU.ActiveCfg = Release|Any CPU
		{F19006F9-114B-4791-95F8-A249035E5B41}.Release|Any CPU.Build.0 = Release|Any CPU
	EndGlobalSection
	GlobalSection(SolutionProperties) = preSolution
		HideSolutionNode = FALSE
	EndGlobalSection
	GlobalSection(ExtensibilityGlobals) = postSolution
		SolutionGuid = {20FCF2AF-788D-46DD-AEEF-2871E2FE1A3D}
	EndGlobalSection
EndGlobal
