
Microsoft Visual Studio Solution File, Format Version 12.00
# Visual Studio Version 16
VisualStudioVersion = 16.0.810.25
MinimumVisualStudioVersion = 10.0.40219.1
Project("{FAE04EC0-301F-11D3-BF4B-00C04F79EFBC}") = "Day_11-Monkey_In_the_Middle", "Day_11-Monkey_In_the_Middle\Day_11-Monkey_In_the_Middle.csproj", "{0197C64D-C1A4-4941-A50A-B62C0071DAA9}"
EndProject
Global
	GlobalSection(SolutionConfigurationPlatforms) = preSolution
		Debug|Any CPU = Debug|Any CPU
		Release|Any CPU = Release|Any CPU
	EndGlobalSection
	GlobalSection(ProjectConfigurationPlatforms) = postSolution
		{0197C64D-C1A4-4941-A50A-B62C0071DAA9}.Debug|Any CPU.ActiveCfg = Debug|Any CPU
		{0197C64D-C1A4-4941-A50A-B62C0071DAA9}.Debug|Any CPU.Build.0 = Debug|Any CPU
		{0197C64D-C1A4-4941-A50A-B62C0071DAA9}.Release|Any CPU.ActiveCfg = Release|Any CPU
		{0197C64D-C1A4-4941-A50A-B62C0071DAA9}.Release|Any CPU.Build.0 = Release|Any CPU
	EndGlobalSection
	GlobalSection(SolutionProperties) = preSolution
		HideSolutionNode = FALSE
	EndGlobalSection
	GlobalSection(ExtensibilityGlobals) = postSolution
		SolutionGuid = {E3CCCE68-D9BC-43B2-9316-040D3F90ABB4}
	EndGlobalSection
EndGlobal
