
Microsoft Visual Studio Solution File, Format Version 12.00
# Visual Studio Version 17
VisualStudioVersion = 17.2.32602.215
MinimumVisualStudioVersion = 10.0.40219.1
Project("{FAE04EC0-301F-11D3-BF4B-00C04F79EFBC}") = "Day-1", "Day-1\Day-1.csproj", "{B092FED4-4E39-4E20-BFF6-53260B13F6A7}"
EndProject
Global
	GlobalSection(SolutionConfigurationPlatforms) = preSolution
		Debug|Any CPU = Debug|Any CPU
		Release|Any CPU = Release|Any CPU
	EndGlobalSection
	GlobalSection(ProjectConfigurationPlatforms) = postSolution
		{B092FED4-4E39-4E20-BFF6-53260B13F6A7}.Debug|Any CPU.ActiveCfg = Debug|Any CPU
		{B092FED4-4E39-4E20-BFF6-53260B13F6A7}.Debug|Any CPU.Build.0 = Debug|Any CPU
		{B092FED4-4E39-4E20-BFF6-53260B13F6A7}.Release|Any CPU.ActiveCfg = Release|Any CPU
		{B092FED4-4E39-4E20-BFF6-53260B13F6A7}.Release|Any CPU.Build.0 = Release|Any CPU
	EndGlobalSection
	GlobalSection(SolutionProperties) = preSolution
		HideSolutionNode = FALSE
	EndGlobalSection
	GlobalSection(ExtensibilityGlobals) = postSolution
		SolutionGuid = {9884D3BC-9F62-4AC2-8BEF-53BFFFAD6FFB}
	EndGlobalSection
EndGlobal
